// !$*UTF8*$!
{
	archiveVersion = 1;
	classes = {
	};
	objectVersion = 50;
	objects = {

/* Begin PBXBuildFile section */
		6A3FFC9323446048005B2077 /* AccountEditViewController.swift in Sources */ = {isa = PBXBuildFile; fileRef = 6A3FFC9223446048005B2077 /* AccountEditViewController.swift */; };
		6A54B74123384DFB00A06F03 /* Dispose.swift in Sources */ = {isa = PBXBuildFile; fileRef = 6A54B74023384DFB00A06F03 /* Dispose.swift */; };
		6A54B74323384E5A00A06F03 /* DisposeController.swift in Sources */ = {isa = PBXBuildFile; fileRef = 6A54B74223384E5A00A06F03 /* DisposeController.swift */; };
		6A54B7452338861000A06F03 /* Contribution.swift in Sources */ = {isa = PBXBuildFile; fileRef = 6A54B7442338861000A06F03 /* Contribution.swift */; };
		6A54B74723393CF800A06F03 /* ContributionController.swift in Sources */ = {isa = PBXBuildFile; fileRef = 6A54B74623393CF800A06F03 /* ContributionController.swift */; };
		6A5A5FA82343B39400B3F03F /* TabBarController.swift in Sources */ = {isa = PBXBuildFile; fileRef = 6A5A5FA72343B39400B3F03F /* TabBarController.swift */; };
		6A5A5FAA2343BAC500B3F03F /* NavigationViewController.swift in Sources */ = {isa = PBXBuildFile; fileRef = 6A5A5FA92343BAC500B3F03F /* NavigationViewController.swift */; };
		6A63BF992335624E00A6D79B /* LocalDonationTableViewCell.swift in Sources */ = {isa = PBXBuildFile; fileRef = 6A63BF982335624E00A6D79B /* LocalDonationTableViewCell.swift */; };
		6A63BF9B2335C6FD00A6D79B /* ClothingFact.swift in Sources */ = {isa = PBXBuildFile; fileRef = 6A63BF9A2335C6FD00A6D79B /* ClothingFact.swift */; };
		6A63BF9D2335C73D00A6D79B /* ClothingFactController.swift in Sources */ = {isa = PBXBuildFile; fileRef = 6A63BF9C2335C73D00A6D79B /* ClothingFactController.swift */; };
		6A7C0F45233A79C40020B99D /* DateExtension.swift in Sources */ = {isa = PBXBuildFile; fileRef = 6A7C0F44233A79C40020B99D /* DateExtension.swift */; };
		6A7C0F47233A84F60020B99D /* DetailContributionViewController.swift in Sources */ = {isa = PBXBuildFile; fileRef = 6A7C0F46233A84F60020B99D /* DetailContributionViewController.swift */; };
		6A7C0F49233AB4E80020B99D /* StartViewController.swift in Sources */ = {isa = PBXBuildFile; fileRef = 6A7C0F48233AB4E80020B99D /* StartViewController.swift */; };
		6A7C0F4B233AC2010020B99D /* noiCloudAccountViewController.swift in Sources */ = {isa = PBXBuildFile; fileRef = 6A7C0F4A233AC2010020B99D /* noiCloudAccountViewController.swift */; };
		6A7C0F50233D53370020B99D /* ClosetTextField.swift in Sources */ = {isa = PBXBuildFile; fileRef = 6A7C0F4F233D53370020B99D /* ClosetTextField.swift */; };
		6A7C0F52233D57B60020B99D /* StyleGuide.swift in Sources */ = {isa = PBXBuildFile; fileRef = 6A7C0F51233D57B60020B99D /* StyleGuide.swift */; };
		6A7C0F54233D5B1C0020B99D /* ClosetLabel.swift in Sources */ = {isa = PBXBuildFile; fileRef = 6A7C0F53233D5B1C0020B99D /* ClosetLabel.swift */; };
		6A7C0F57233D95640020B99D /* Colors.xcassets in Resources */ = {isa = PBXBuildFile; fileRef = 6A7C0F56233D95640020B99D /* Colors.xcassets */; };
		6A7C0F59233E5FC00020B99D /* ClosetButton.swift in Sources */ = {isa = PBXBuildFile; fileRef = 6A7C0F58233E5FC00020B99D /* ClosetButton.swift */; };
		6A7C0F5B233F0BD30020B99D /* CelebrateViewController.swift in Sources */ = {isa = PBXBuildFile; fileRef = 6A7C0F5A233F0BD30020B99D /* CelebrateViewController.swift */; };
		6A8D223A2326DC8800A93500 /* AppDelegate.swift in Sources */ = {isa = PBXBuildFile; fileRef = 6A8D22392326DC8800A93500 /* AppDelegate.swift */; };
		6A8D223F2326DC8800A93500 /* Main.storyboard in Resources */ = {isa = PBXBuildFile; fileRef = 6A8D223D2326DC8800A93500 /* Main.storyboard */; };
		6A8D22412326DC8900A93500 /* Assets.xcassets in Resources */ = {isa = PBXBuildFile; fileRef = 6A8D22402326DC8900A93500 /* Assets.xcassets */; };
		6A8D22442326DC8900A93500 /* LaunchScreen.storyboard in Resources */ = {isa = PBXBuildFile; fileRef = 6A8D22422326DC8900A93500 /* LaunchScreen.storyboard */; };
		6A8D224C2326E5F700A93500 /* TabMain.storyboard in Resources */ = {isa = PBXBuildFile; fileRef = 6A8D224B2326E5F700A93500 /* TabMain.storyboard */; };
		6A8D224E2326F11E00A93500 /* ClosetViewController.swift in Sources */ = {isa = PBXBuildFile; fileRef = 6A8D224D2326F11E00A93500 /* ClosetViewController.swift */; };
		6A8D22512326F14600A93500 /* CategoryCollectionViewCell.swift in Sources */ = {isa = PBXBuildFile; fileRef = 6A8D22502326F14600A93500 /* CategoryCollectionViewCell.swift */; };
		6A8D22572326FF6C00A93500 /* UpdateQuantityViewController.swift in Sources */ = {isa = PBXBuildFile; fileRef = 6A8D22562326FF6C00A93500 /* UpdateQuantityViewController.swift */; };
		6A8D22592327E9B000A93500 /* DetailCategoryViewController.swift in Sources */ = {isa = PBXBuildFile; fileRef = 6A8D22582327E9B000A93500 /* DetailCategoryViewController.swift */; };
		6A8D225D2328117900A93500 /* RecycleViewController.swift in Sources */ = {isa = PBXBuildFile; fileRef = 6A8D225C2328117900A93500 /* RecycleViewController.swift */; };
		6A8D225F232811D000A93500 /* FunFactsViewController.swift in Sources */ = {isa = PBXBuildFile; fileRef = 6A8D225E232811D000A93500 /* FunFactsViewController.swift */; };
		6A8D22612328120D00A93500 /* LocalDonatationViewController.swift in Sources */ = {isa = PBXBuildFile; fileRef = 6A8D22602328120D00A93500 /* LocalDonatationViewController.swift */; };
		6A8D226323282D2C00A93500 /* SignUpViewController.swift in Sources */ = {isa = PBXBuildFile; fileRef = 6A8D226223282D2C00A93500 /* SignUpViewController.swift */; };
		6A8D226B2328357F00A93500 /* CloudKit.framework in Frameworks */ = {isa = PBXBuildFile; fileRef = 6A8D226A2328357F00A93500 /* CloudKit.framework */; };
		6A8D226D23283C7A00A93500 /* UserController.swift in Sources */ = {isa = PBXBuildFile; fileRef = 6A8D226C23283C7A00A93500 /* UserController.swift */; };
		6A8D2270232843D100A93500 /* CategoryController.swift in Sources */ = {isa = PBXBuildFile; fileRef = 6A8D226F232843D100A93500 /* CategoryController.swift */; };
		6A8D22762329351F00A93500 /* User.swift in Sources */ = {isa = PBXBuildFile; fileRef = 6A8D22752329351F00A93500 /* User.swift */; };
		6A8D22782329367A00A93500 /* Category.swift in Sources */ = {isa = PBXBuildFile; fileRef = 6A8D22772329367A00A93500 /* Category.swift */; };
		6A8D227A2329469A00A93500 /* CloudKitController.swift in Sources */ = {isa = PBXBuildFile; fileRef = 6A8D22792329469A00A93500 /* CloudKitController.swift */; };
		6ABF836623371278007D1267 /* DisposeClothesViewController.swift in Sources */ = {isa = PBXBuildFile; fileRef = 6ABF836523371278007D1267 /* DisposeClothesViewController.swift */; };
		6ABF8368233712A4007D1267 /* DisposeClothesTableViewCell.swift in Sources */ = {isa = PBXBuildFile; fileRef = 6ABF8367233712A4007D1267 /* DisposeClothesTableViewCell.swift */; };
		6AECE9D22330536B0090A62B /* CategoryPhoto.swift in Sources */ = {isa = PBXBuildFile; fileRef = 6AECE9D12330536B0090A62B /* CategoryPhoto.swift */; };
		6AECE9D423305BF80090A62B /* CategoryPhotoController.swift in Sources */ = {isa = PBXBuildFile; fileRef = 6AECE9D323305BF80090A62B /* CategoryPhotoController.swift */; };
		6AECE9D6233071410090A62B /* DetailCategoryCollectionViewCell.swift in Sources */ = {isa = PBXBuildFile; fileRef = 6AECE9D5233071410090A62B /* DetailCategoryCollectionViewCell.swift */; };
		6AECE9D82332C3940090A62B /* Recycle.swift in Sources */ = {isa = PBXBuildFile; fileRef = 6AECE9D72332C3940090A62B /* Recycle.swift */; };
		6AECE9DA2332C5390090A62B /* RecycleController.swift in Sources */ = {isa = PBXBuildFile; fileRef = 6AECE9D92332C5390090A62B /* RecycleController.swift */; };
		6AECE9DC2332E9DD0090A62B /* RecycleTableViewCell.swift in Sources */ = {isa = PBXBuildFile; fileRef = 6AECE9DB2332E9DD0090A62B /* RecycleTableViewCell.swift */; };
		6AECE9E023331D970090A62B /* RecycleWebViewController.swift in Sources */ = {isa = PBXBuildFile; fileRef = 6AECE9DF23331D970090A62B /* RecycleWebViewController.swift */; };
		6AECE9E2233320310090A62B /* WebKit.framework in Frameworks */ = {isa = PBXBuildFile; fileRef = 6AECE9E1233320310090A62B /* WebKit.framework */; };
		6AECE9E4233440390090A62B /* CoreLocationController.swift in Sources */ = {isa = PBXBuildFile; fileRef = 6AECE9E3233440390090A62B /* CoreLocationController.swift */; };
		6AECE9E6233451BC0090A62B /* LocalDonation.swift in Sources */ = {isa = PBXBuildFile; fileRef = 6AECE9E5233451BC0090A62B /* LocalDonation.swift */; };
		6AECE9E8233456C60090A62B /* LocalDonationController.swift in Sources */ = {isa = PBXBuildFile; fileRef = 6AECE9E7233456C60090A62B /* LocalDonationController.swift */; };
		6AFCB6742339978100E6FBBB /* ContributionsTableViewCell.swift in Sources */ = {isa = PBXBuildFile; fileRef = 6AFCB6732339978100E6FBBB /* ContributionsTableViewCell.swift */; };
		6AFCB6762339989500E6FBBB /* ContributionsViewController.swift in Sources */ = {isa = PBXBuildFile; fileRef = 6AFCB6752339989500E6FBBB /* ContributionsViewController.swift */; };
/* End PBXBuildFile section */

/* Begin PBXFileReference section */
		6A3FFC9223446048005B2077 /* AccountEditViewController.swift */ = {isa = PBXFileReference; lastKnownFileType = sourcecode.swift; path = AccountEditViewController.swift; sourceTree = "<group>"; };
		6A54B74023384DFB00A06F03 /* Dispose.swift */ = {isa = PBXFileReference; lastKnownFileType = sourcecode.swift; path = Dispose.swift; sourceTree = "<group>"; };
		6A54B74223384E5A00A06F03 /* DisposeController.swift */ = {isa = PBXFileReference; lastKnownFileType = sourcecode.swift; path = DisposeController.swift; sourceTree = "<group>"; };
		6A54B7442338861000A06F03 /* Contribution.swift */ = {isa = PBXFileReference; lastKnownFileType = sourcecode.swift; path = Contribution.swift; sourceTree = "<group>"; };
		6A54B74623393CF800A06F03 /* ContributionController.swift */ = {isa = PBXFileReference; lastKnownFileType = sourcecode.swift; path = ContributionController.swift; sourceTree = "<group>"; };
		6A5A5FA72343B39400B3F03F /* TabBarController.swift */ = {isa = PBXFileReference; lastKnownFileType = sourcecode.swift; path = TabBarController.swift; sourceTree = "<group>"; };
		6A5A5FA92343BAC500B3F03F /* NavigationViewController.swift */ = {isa = PBXFileReference; lastKnownFileType = sourcecode.swift; path = NavigationViewController.swift; sourceTree = "<group>"; };
		6A63BF982335624E00A6D79B /* LocalDonationTableViewCell.swift */ = {isa = PBXFileReference; lastKnownFileType = sourcecode.swift; path = LocalDonationTableViewCell.swift; sourceTree = "<group>"; };
		6A63BF9A2335C6FD00A6D79B /* ClothingFact.swift */ = {isa = PBXFileReference; lastKnownFileType = sourcecode.swift; path = ClothingFact.swift; sourceTree = "<group>"; };
		6A63BF9C2335C73D00A6D79B /* ClothingFactController.swift */ = {isa = PBXFileReference; lastKnownFileType = sourcecode.swift; path = ClothingFactController.swift; sourceTree = "<group>"; };
		6A7C0F44233A79C40020B99D /* DateExtension.swift */ = {isa = PBXFileReference; lastKnownFileType = sourcecode.swift; path = DateExtension.swift; sourceTree = "<group>"; };
		6A7C0F46233A84F60020B99D /* DetailContributionViewController.swift */ = {isa = PBXFileReference; lastKnownFileType = sourcecode.swift; path = DetailContributionViewController.swift; sourceTree = "<group>"; };
		6A7C0F48233AB4E80020B99D /* StartViewController.swift */ = {isa = PBXFileReference; lastKnownFileType = sourcecode.swift; path = StartViewController.swift; sourceTree = "<group>"; };
		6A7C0F4A233AC2010020B99D /* noiCloudAccountViewController.swift */ = {isa = PBXFileReference; lastKnownFileType = sourcecode.swift; path = noiCloudAccountViewController.swift; sourceTree = "<group>"; };
		6A7C0F4F233D53370020B99D /* ClosetTextField.swift */ = {isa = PBXFileReference; lastKnownFileType = sourcecode.swift; path = ClosetTextField.swift; sourceTree = "<group>"; };
		6A7C0F51233D57B60020B99D /* StyleGuide.swift */ = {isa = PBXFileReference; lastKnownFileType = sourcecode.swift; path = StyleGuide.swift; sourceTree = "<group>"; };
		6A7C0F53233D5B1C0020B99D /* ClosetLabel.swift */ = {isa = PBXFileReference; lastKnownFileType = sourcecode.swift; path = ClosetLabel.swift; sourceTree = "<group>"; };
		6A7C0F56233D95640020B99D /* Colors.xcassets */ = {isa = PBXFileReference; lastKnownFileType = folder.assetcatalog; path = Colors.xcassets; sourceTree = "<group>"; };
		6A7C0F58233E5FC00020B99D /* ClosetButton.swift */ = {isa = PBXFileReference; lastKnownFileType = sourcecode.swift; path = ClosetButton.swift; sourceTree = "<group>"; };
		6A7C0F5A233F0BD30020B99D /* CelebrateViewController.swift */ = {isa = PBXFileReference; lastKnownFileType = sourcecode.swift; path = CelebrateViewController.swift; sourceTree = "<group>"; };
		6A8D22362326DC8800A93500 /* RePurpose Closet.app */ = {isa = PBXFileReference; explicitFileType = wrapper.application; includeInIndex = 0; path = "RePurpose Closet.app"; sourceTree = BUILT_PRODUCTS_DIR; };
		6A8D22392326DC8800A93500 /* AppDelegate.swift */ = {isa = PBXFileReference; lastKnownFileType = sourcecode.swift; path = AppDelegate.swift; sourceTree = "<group>"; };
		6A8D223E2326DC8800A93500 /* Base */ = {isa = PBXFileReference; lastKnownFileType = file.storyboard; name = Base; path = Base.lproj/Main.storyboard; sourceTree = "<group>"; };
		6A8D22402326DC8900A93500 /* Assets.xcassets */ = {isa = PBXFileReference; lastKnownFileType = folder.assetcatalog; path = Assets.xcassets; sourceTree = "<group>"; };
		6A8D22432326DC8900A93500 /* Base */ = {isa = PBXFileReference; lastKnownFileType = file.storyboard; name = Base; path = Base.lproj/LaunchScreen.storyboard; sourceTree = "<group>"; };
		6A8D22452326DC8900A93500 /* Info.plist */ = {isa = PBXFileReference; lastKnownFileType = text.plist.xml; path = Info.plist; sourceTree = "<group>"; };
		6A8D224B2326E5F700A93500 /* TabMain.storyboard */ = {isa = PBXFileReference; lastKnownFileType = file.storyboard; path = TabMain.storyboard; sourceTree = "<group>"; };
		6A8D224D2326F11E00A93500 /* ClosetViewController.swift */ = {isa = PBXFileReference; lastKnownFileType = sourcecode.swift; path = ClosetViewController.swift; sourceTree = "<group>"; };
		6A8D22502326F14600A93500 /* CategoryCollectionViewCell.swift */ = {isa = PBXFileReference; lastKnownFileType = sourcecode.swift; path = CategoryCollectionViewCell.swift; sourceTree = "<group>"; };
		6A8D22562326FF6C00A93500 /* UpdateQuantityViewController.swift */ = {isa = PBXFileReference; lastKnownFileType = sourcecode.swift; path = UpdateQuantityViewController.swift; sourceTree = "<group>"; };
		6A8D22582327E9B000A93500 /* DetailCategoryViewController.swift */ = {isa = PBXFileReference; lastKnownFileType = sourcecode.swift; path = DetailCategoryViewController.swift; sourceTree = "<group>"; };
		6A8D225C2328117900A93500 /* RecycleViewController.swift */ = {isa = PBXFileReference; lastKnownFileType = sourcecode.swift; path = RecycleViewController.swift; sourceTree = "<group>"; };
		6A8D225E232811D000A93500 /* FunFactsViewController.swift */ = {isa = PBXFileReference; lastKnownFileType = sourcecode.swift; path = FunFactsViewController.swift; sourceTree = "<group>"; };
		6A8D22602328120D00A93500 /* LocalDonatationViewController.swift */ = {isa = PBXFileReference; lastKnownFileType = sourcecode.swift; path = LocalDonatationViewController.swift; sourceTree = "<group>"; };
		6A8D226223282D2C00A93500 /* SignUpViewController.swift */ = {isa = PBXFileReference; lastKnownFileType = sourcecode.swift; path = SignUpViewController.swift; sourceTree = "<group>"; };
		6A8D22682328357100A93500 /* ClothingManagement.entitlements */ = {isa = PBXFileReference; lastKnownFileType = text.plist.entitlements; path = ClothingManagement.entitlements; sourceTree = "<group>"; };
		6A8D226A2328357F00A93500 /* CloudKit.framework */ = {isa = PBXFileReference; lastKnownFileType = wrapper.framework; name = CloudKit.framework; path = System/Library/Frameworks/CloudKit.framework; sourceTree = SDKROOT; };
		6A8D226C23283C7A00A93500 /* UserController.swift */ = {isa = PBXFileReference; lastKnownFileType = sourcecode.swift; path = UserController.swift; sourceTree = "<group>"; };
		6A8D226F232843D100A93500 /* CategoryController.swift */ = {isa = PBXFileReference; lastKnownFileType = sourcecode.swift; path = CategoryController.swift; sourceTree = "<group>"; };
		6A8D22752329351F00A93500 /* User.swift */ = {isa = PBXFileReference; lastKnownFileType = sourcecode.swift; path = User.swift; sourceTree = "<group>"; };
		6A8D22772329367A00A93500 /* Category.swift */ = {isa = PBXFileReference; lastKnownFileType = sourcecode.swift; path = Category.swift; sourceTree = "<group>"; };
		6A8D22792329469A00A93500 /* CloudKitController.swift */ = {isa = PBXFileReference; lastKnownFileType = sourcecode.swift; path = CloudKitController.swift; sourceTree = "<group>"; };
		6ABF836523371278007D1267 /* DisposeClothesViewController.swift */ = {isa = PBXFileReference; lastKnownFileType = sourcecode.swift; path = DisposeClothesViewController.swift; sourceTree = "<group>"; };
		6ABF8367233712A4007D1267 /* DisposeClothesTableViewCell.swift */ = {isa = PBXFileReference; lastKnownFileType = sourcecode.swift; path = DisposeClothesTableViewCell.swift; sourceTree = "<group>"; };
		6AECE9D12330536B0090A62B /* CategoryPhoto.swift */ = {isa = PBXFileReference; lastKnownFileType = sourcecode.swift; path = CategoryPhoto.swift; sourceTree = "<group>"; };
		6AECE9D323305BF80090A62B /* CategoryPhotoController.swift */ = {isa = PBXFileReference; lastKnownFileType = sourcecode.swift; path = CategoryPhotoController.swift; sourceTree = "<group>"; };
		6AECE9D5233071410090A62B /* DetailCategoryCollectionViewCell.swift */ = {isa = PBXFileReference; lastKnownFileType = sourcecode.swift; path = DetailCategoryCollectionViewCell.swift; sourceTree = "<group>"; };
		6AECE9D72332C3940090A62B /* Recycle.swift */ = {isa = PBXFileReference; lastKnownFileType = sourcecode.swift; path = Recycle.swift; sourceTree = "<group>"; };
		6AECE9D92332C5390090A62B /* RecycleController.swift */ = {isa = PBXFileReference; lastKnownFileType = sourcecode.swift; path = RecycleController.swift; sourceTree = "<group>"; };
		6AECE9DB2332E9DD0090A62B /* RecycleTableViewCell.swift */ = {isa = PBXFileReference; lastKnownFileType = sourcecode.swift; path = RecycleTableViewCell.swift; sourceTree = "<group>"; };
		6AECE9DF23331D970090A62B /* RecycleWebViewController.swift */ = {isa = PBXFileReference; lastKnownFileType = sourcecode.swift; path = RecycleWebViewController.swift; sourceTree = "<group>"; };
		6AECE9E1233320310090A62B /* WebKit.framework */ = {isa = PBXFileReference; lastKnownFileType = wrapper.framework; name = WebKit.framework; path = System/Library/Frameworks/WebKit.framework; sourceTree = SDKROOT; };
		6AECE9E3233440390090A62B /* CoreLocationController.swift */ = {isa = PBXFileReference; lastKnownFileType = sourcecode.swift; path = CoreLocationController.swift; sourceTree = "<group>"; };
		6AECE9E5233451BC0090A62B /* LocalDonation.swift */ = {isa = PBXFileReference; lastKnownFileType = sourcecode.swift; path = LocalDonation.swift; sourceTree = "<group>"; };
		6AECE9E7233456C60090A62B /* LocalDonationController.swift */ = {isa = PBXFileReference; lastKnownFileType = sourcecode.swift; path = LocalDonationController.swift; sourceTree = "<group>"; };
		6AFCB6732339978100E6FBBB /* ContributionsTableViewCell.swift */ = {isa = PBXFileReference; lastKnownFileType = sourcecode.swift; path = ContributionsTableViewCell.swift; sourceTree = "<group>"; };
		6AFCB6752339989500E6FBBB /* ContributionsViewController.swift */ = {isa = PBXFileReference; lastKnownFileType = sourcecode.swift; path = ContributionsViewController.swift; sourceTree = "<group>"; };
/* End PBXFileReference section */

/* Begin PBXFrameworksBuildPhase section */
		6A8D22332326DC8800A93500 /* Frameworks */ = {
			isa = PBXFrameworksBuildPhase;
			buildActionMask = 2147483647;
			files = (
				6AECE9E2233320310090A62B /* WebKit.framework in Frameworks */,
				6A8D226B2328357F00A93500 /* CloudKit.framework in Frameworks */,
			);
			runOnlyForDeploymentPostprocessing = 0;
		};
/* End PBXFrameworksBuildPhase section */

/* Begin PBXGroup section */
		6A465CE72347C4D700B86261 /* Recycle View Controllers */ = {
			isa = PBXGroup;
			children = (
				6A8D225C2328117900A93500 /* RecycleViewController.swift */,
				6AECE9DF23331D970090A62B /* RecycleWebViewController.swift */,
			);
			path = "Recycle View Controllers";
			sourceTree = "<group>";
		};
		6A465CE82347C4F200B86261 /* Contributions View Controller */ = {
			isa = PBXGroup;
			children = (
				6AFCB6752339989500E6FBBB /* ContributionsViewController.swift */,
				6A7C0F46233A84F60020B99D /* DetailContributionViewController.swift */,
			);
			path = "Contributions View Controller";
			sourceTree = "<group>";
		};
		6A465CE92347C54600B86261 /* CustomUI */ = {
			isa = PBXGroup;
			children = (
				6A7C0F4F233D53370020B99D /* ClosetTextField.swift */,
				6A7C0F51233D57B60020B99D /* StyleGuide.swift */,
				6A7C0F53233D5B1C0020B99D /* ClosetLabel.swift */,
				6A7C0F58233E5FC00020B99D /* ClosetButton.swift */,
			);
			path = CustomUI;
			sourceTree = "<group>";
		};
		6A465CEA2347C57600B86261 /* Closet View Controllers */ = {
			isa = PBXGroup;
			children = (
				6A8D224D2326F11E00A93500 /* ClosetViewController.swift */,
				6A8D22562326FF6C00A93500 /* UpdateQuantityViewController.swift */,
				6A8D22582327E9B000A93500 /* DetailCategoryViewController.swift */,
			);
			path = "Closet View Controllers";
			sourceTree = "<group>";
		};
		6A465CEB2347C5E000B86261 /* Storyboards */ = {
			isa = PBXGroup;
			children = (
				6A8D22422326DC8900A93500 /* LaunchScreen.storyboard */,
				6A8D223D2326DC8800A93500 /* Main.storyboard */,
				6A8D224B2326E5F700A93500 /* TabMain.storyboard */,
			);
			path = Storyboards;
			sourceTree = "<group>";
		};
		6A7C0F4E233D12710020B99D /* On Boarding View Controllers */ = {
			isa = PBXGroup;
			children = (
				6A7C0F48233AB4E80020B99D /* StartViewController.swift */,
				6A8D226223282D2C00A93500 /* SignUpViewController.swift */,
				6A7C0F4A233AC2010020B99D /* noiCloudAccountViewController.swift */,
			);
			path = "On Boarding View Controllers";
			sourceTree = "<group>";
		};
		6A8D222D2326DC8800A93500 = {
			isa = PBXGroup;
			children = (
				6A8D22382326DC8800A93500 /* ClothingManagement */,
				6A8D22372326DC8800A93500 /* Products */,
				6A8D22692328357F00A93500 /* Frameworks */,
			);
			sourceTree = "<group>";
		};
		6A8D22372326DC8800A93500 /* Products */ = {
			isa = PBXGroup;
			children = (
				6A8D22362326DC8800A93500 /* RePurpose Closet.app */,
			);
			name = Products;
			sourceTree = "<group>";
		};
		6A8D22382326DC8800A93500 /* ClothingManagement */ = {
			isa = PBXGroup;
			children = (
				6A8D22682328357100A93500 /* ClothingManagement.entitlements */,
				6A8D22392326DC8800A93500 /* AppDelegate.swift */,
				6A465CEB2347C5E000B86261 /* Storyboards */,
				6A8D22402326DC8900A93500 /* Assets.xcassets */,
				6A7C0F56233D95640020B99D /* Colors.xcassets */,
				6A8D22452326DC8900A93500 /* Info.plist */,
				6A8D224F2326F12600A93500 /* View Controllers */,
				6A8D22522326F14B00A93500 /* Views */,
				6A8D22552326FA6600A93500 /* Model */,
				6A8D226E23283E2400A93500 /* Model Controllers */,
				6A465CE92347C54600B86261 /* CustomUI */,
				6A8D227B2329523200A93500 /* Helpers+Extensions */,
			);
			path = ClothingManagement;
			sourceTree = "<group>";
		};
		6A8D224F2326F12600A93500 /* View Controllers */ = {
			isa = PBXGroup;
			children = (
				6A7C0F4E233D12710020B99D /* On Boarding View Controllers */,
				6A5A5FA72343B39400B3F03F /* TabBarController.swift */,
				6A5A5FA92343BAC500B3F03F /* NavigationViewController.swift */,
				6A3FFC9223446048005B2077 /* AccountEditViewController.swift */,
				6A465CEA2347C57600B86261 /* Closet View Controllers */,
				6A465CE72347C4D700B86261 /* Recycle View Controllers */,
				6A8D225E232811D000A93500 /* FunFactsViewController.swift */,
				6A8D22602328120D00A93500 /* LocalDonatationViewController.swift */,
				6ABF836523371278007D1267 /* DisposeClothesViewController.swift */,
				6A465CE82347C4F200B86261 /* Contributions View Controller */,
				6A7C0F5A233F0BD30020B99D /* CelebrateViewController.swift */,
			);
			path = "View Controllers";
			sourceTree = "<group>";
		};
		6A8D22522326F14B00A93500 /* Views */ = {
			isa = PBXGroup;
			children = (
				6A8D22502326F14600A93500 /* CategoryCollectionViewCell.swift */,
				6AECE9D5233071410090A62B /* DetailCategoryCollectionViewCell.swift */,
				6AECE9DB2332E9DD0090A62B /* RecycleTableViewCell.swift */,
				6A63BF982335624E00A6D79B /* LocalDonationTableViewCell.swift */,
				6ABF8367233712A4007D1267 /* DisposeClothesTableViewCell.swift */,
				6AFCB6732339978100E6FBBB /* ContributionsTableViewCell.swift */,
			);
			path = Views;
			sourceTree = "<group>";
		};
		6A8D22552326FA6600A93500 /* Model */ = {
			isa = PBXGroup;
			children = (
				6A8D22752329351F00A93500 /* User.swift */,
				6A8D22772329367A00A93500 /* Category.swift */,
				6AECE9D12330536B0090A62B /* CategoryPhoto.swift */,
				6AECE9D72332C3940090A62B /* Recycle.swift */,
				6AECE9E5233451BC0090A62B /* LocalDonation.swift */,
				6A63BF9A2335C6FD00A6D79B /* ClothingFact.swift */,
				6A54B74023384DFB00A06F03 /* Dispose.swift */,
				6A54B7442338861000A06F03 /* Contribution.swift */,
			);
			path = Model;
			sourceTree = "<group>";
		};
		6A8D22692328357F00A93500 /* Frameworks */ = {
			isa = PBXGroup;
			children = (
				6AECE9E1233320310090A62B /* WebKit.framework */,
				6A8D226A2328357F00A93500 /* CloudKit.framework */,
			);
			name = Frameworks;
			sourceTree = "<group>";
		};
		6A8D226E23283E2400A93500 /* Model Controllers */ = {
			isa = PBXGroup;
			children = (
				6A8D226C23283C7A00A93500 /* UserController.swift */,
				6A8D226F232843D100A93500 /* CategoryController.swift */,
				6AECE9D323305BF80090A62B /* CategoryPhotoController.swift */,
				6AECE9D92332C5390090A62B /* RecycleController.swift */,
				6AECE9E7233456C60090A62B /* LocalDonationController.swift */,
				6A63BF9C2335C73D00A6D79B /* ClothingFactController.swift */,
				6A54B74223384E5A00A06F03 /* DisposeController.swift */,
				6A54B74623393CF800A06F03 /* ContributionController.swift */,
			);
			path = "Model Controllers";
			sourceTree = "<group>";
		};
		6A8D227B2329523200A93500 /* Helpers+Extensions */ = {
			isa = PBXGroup;
			children = (
				6A8D22792329469A00A93500 /* CloudKitController.swift */,
				6AECE9E3233440390090A62B /* CoreLocationController.swift */,
				6A7C0F44233A79C40020B99D /* DateExtension.swift */,
			);
			path = "Helpers+Extensions";
			sourceTree = "<group>";
		};
/* End PBXGroup section */

/* Begin PBXNativeTarget section */
		6A8D22352326DC8800A93500 /* ClothingManagement */ = {
			isa = PBXNativeTarget;
			buildConfigurationList = 6A8D22482326DC8900A93500 /* Build configuration list for PBXNativeTarget "ClothingManagement" */;
			buildPhases = (
				6A8D22322326DC8800A93500 /* Sources */,
				6A8D22332326DC8800A93500 /* Frameworks */,
				6A8D22342326DC8800A93500 /* Resources */,
			);
			buildRules = (
			);
			dependencies = (
			);
			name = ClothingManagement;
			productName = ClothingManagement;
			productReference = 6A8D22362326DC8800A93500 /* RePurpose Closet.app */;
			productType = "com.apple.product-type.application";
		};
/* End PBXNativeTarget section */

/* Begin PBXProject section */
		6A8D222E2326DC8800A93500 /* Project object */ = {
			isa = PBXProject;
			attributes = {
				LastSwiftUpdateCheck = 1030;
				LastUpgradeCheck = 1030;
				ORGANIZATIONNAME = "Julia Rodriguez";
				TargetAttributes = {
					6A8D22352326DC8800A93500 = {
						CreatedOnToolsVersion = 10.3;
						SystemCapabilities = {
							com.apple.Push = {
								enabled = 1;
							};
							com.apple.iCloud = {
								enabled = 1;
							};
						};
					};
				};
			};
			buildConfigurationList = 6A8D22312326DC8800A93500 /* Build configuration list for PBXProject "ClothingManagement" */;
			compatibilityVersion = "Xcode 9.3";
			developmentRegion = en;
			hasScannedForEncodings = 0;
			knownRegions = (
				en,
				Base,
			);
			mainGroup = 6A8D222D2326DC8800A93500;
			productRefGroup = 6A8D22372326DC8800A93500 /* Products */;
			projectDirPath = "";
			projectRoot = "";
			targets = (
				6A8D22352326DC8800A93500 /* ClothingManagement */,
			);
		};
/* End PBXProject section */

/* Begin PBXResourcesBuildPhase section */
		6A8D22342326DC8800A93500 /* Resources */ = {
			isa = PBXResourcesBuildPhase;
			buildActionMask = 2147483647;
			files = (
				6A7C0F57233D95640020B99D /* Colors.xcassets in Resources */,
				6A8D22442326DC8900A93500 /* LaunchScreen.storyboard in Resources */,
				6A8D224C2326E5F700A93500 /* TabMain.storyboard in Resources */,
				6A8D22412326DC8900A93500 /* Assets.xcassets in Resources */,
				6A8D223F2326DC8800A93500 /* Main.storyboard in Resources */,
			);
			runOnlyForDeploymentPostprocessing = 0;
		};
/* End PBXResourcesBuildPhase section */

/* Begin PBXSourcesBuildPhase section */
		6A8D22322326DC8800A93500 /* Sources */ = {
			isa = PBXSourcesBuildPhase;
			buildActionMask = 2147483647;
			files = (
				6A7C0F54233D5B1C0020B99D /* ClosetLabel.swift in Sources */,
				6A8D226323282D2C00A93500 /* SignUpViewController.swift in Sources */,
				6A8D22512326F14600A93500 /* CategoryCollectionViewCell.swift in Sources */,
				6AECE9D423305BF80090A62B /* CategoryPhotoController.swift in Sources */,
				6ABF836623371278007D1267 /* DisposeClothesViewController.swift in Sources */,
				6A8D22592327E9B000A93500 /* DetailCategoryViewController.swift in Sources */,
				6A7C0F45233A79C40020B99D /* DateExtension.swift in Sources */,
				6A7C0F52233D57B60020B99D /* StyleGuide.swift in Sources */,
				6A8D226D23283C7A00A93500 /* UserController.swift in Sources */,
				6A63BF992335624E00A6D79B /* LocalDonationTableViewCell.swift in Sources */,
				6A7C0F4B233AC2010020B99D /* noiCloudAccountViewController.swift in Sources */,
				6A54B7452338861000A06F03 /* Contribution.swift in Sources */,
				6A8D225D2328117900A93500 /* RecycleViewController.swift in Sources */,
				6AECE9D6233071410090A62B /* DetailCategoryCollectionViewCell.swift in Sources */,
				6A54B74723393CF800A06F03 /* ContributionController.swift in Sources */,
				6A8D227A2329469A00A93500 /* CloudKitController.swift in Sources */,
				6AECE9E023331D970090A62B /* RecycleWebViewController.swift in Sources */,
				6AECE9D22330536B0090A62B /* CategoryPhoto.swift in Sources */,
				6A8D223A2326DC8800A93500 /* AppDelegate.swift in Sources */,
				6AFCB6742339978100E6FBBB /* ContributionsTableViewCell.swift in Sources */,
				6A8D225F232811D000A93500 /* FunFactsViewController.swift in Sources */,
				6A8D22572326FF6C00A93500 /* UpdateQuantityViewController.swift in Sources */,
				6AECE9DA2332C5390090A62B /* RecycleController.swift in Sources */,
				6A63BF9D2335C73D00A6D79B /* ClothingFactController.swift in Sources */,
				6AECE9DC2332E9DD0090A62B /* RecycleTableViewCell.swift in Sources */,
				6A8D22782329367A00A93500 /* Category.swift in Sources */,
				6A54B74323384E5A00A06F03 /* DisposeController.swift in Sources */,
				6A7C0F49233AB4E80020B99D /* StartViewController.swift in Sources */,
				6A8D2270232843D100A93500 /* CategoryController.swift in Sources */,
				6A8D22762329351F00A93500 /* User.swift in Sources */,
				6AECE9E6233451BC0090A62B /* LocalDonation.swift in Sources */,
				6A5A5FAA2343BAC500B3F03F /* NavigationViewController.swift in Sources */,
				6A5A5FA82343B39400B3F03F /* TabBarController.swift in Sources */,
				6ABF8368233712A4007D1267 /* DisposeClothesTableViewCell.swift in Sources */,
				6A7C0F47233A84F60020B99D /* DetailContributionViewController.swift in Sources */,
				6A8D224E2326F11E00A93500 /* ClosetViewController.swift in Sources */,
				6A7C0F50233D53370020B99D /* ClosetTextField.swift in Sources */,
				6A3FFC9323446048005B2077 /* AccountEditViewController.swift in Sources */,
				6AFCB6762339989500E6FBBB /* ContributionsViewController.swift in Sources */,
				6A63BF9B2335C6FD00A6D79B /* ClothingFact.swift in Sources */,
				6A7C0F5B233F0BD30020B99D /* CelebrateViewController.swift in Sources */,
				6AECE9E4233440390090A62B /* CoreLocationController.swift in Sources */,
				6AECE9E8233456C60090A62B /* LocalDonationController.swift in Sources */,
				6AECE9D82332C3940090A62B /* Recycle.swift in Sources */,
				6A7C0F59233E5FC00020B99D /* ClosetButton.swift in Sources */,
				6A8D22612328120D00A93500 /* LocalDonatationViewController.swift in Sources */,
				6A54B74123384DFB00A06F03 /* Dispose.swift in Sources */,
			);
			runOnlyForDeploymentPostprocessing = 0;
		};
/* End PBXSourcesBuildPhase section */

/* Begin PBXVariantGroup section */
		6A8D223D2326DC8800A93500 /* Main.storyboard */ = {
			isa = PBXVariantGroup;
			children = (
				6A8D223E2326DC8800A93500 /* Base */,
			);
			name = Main.storyboard;
			sourceTree = "<group>";
		};
		6A8D22422326DC8900A93500 /* LaunchScreen.storyboard */ = {
			isa = PBXVariantGroup;
			children = (
				6A8D22432326DC8900A93500 /* Base */,
			);
			name = LaunchScreen.storyboard;
			sourceTree = "<group>";
		};
/* End PBXVariantGroup section */

/* Begin XCBuildConfiguration section */
		6A8D22462326DC8900A93500 /* Debug */ = {
			isa = XCBuildConfiguration;
			buildSettings = {
				ALWAYS_SEARCH_USER_PATHS = NO;
				CLANG_ANALYZER_NONNULL = YES;
				CLANG_ANALYZER_NUMBER_OBJECT_CONVERSION = YES_AGGRESSIVE;
				CLANG_CXX_LANGUAGE_STANDARD = "gnu++14";
				CLANG_CXX_LIBRARY = "libc++";
				CLANG_ENABLE_MODULES = YES;
				CLANG_ENABLE_OBJC_ARC = YES;
				CLANG_ENABLE_OBJC_WEAK = YES;
				CLANG_WARN_BLOCK_CAPTURE_AUTORELEASING = YES;
				CLANG_WARN_BOOL_CONVERSION = YES;
				CLANG_WARN_COMMA = YES;
				CLANG_WARN_CONSTANT_CONVERSION = YES;
				CLANG_WARN_DEPRECATED_OBJC_IMPLEMENTATIONS = YES;
				CLANG_WARN_DIRECT_OBJC_ISA_USAGE = YES_ERROR;
				CLANG_WARN_DOCUMENTATION_COMMENTS = YES;
				CLANG_WARN_EMPTY_BODY = YES;
				CLANG_WARN_ENUM_CONVERSION = YES;
				CLANG_WARN_INFINITE_RECURSION = YES;
				CLANG_WARN_INT_CONVERSION = YES;
				CLANG_WARN_NON_LITERAL_NULL_CONVERSION = YES;
				CLANG_WARN_OBJC_IMPLICIT_RETAIN_SELF = YES;
				CLANG_WARN_OBJC_LITERAL_CONVERSION = YES;
				CLANG_WARN_OBJC_ROOT_CLASS = YES_ERROR;
				CLANG_WARN_RANGE_LOOP_ANALYSIS = YES;
				CLANG_WARN_STRICT_PROTOTYPES = YES;
				CLANG_WARN_SUSPICIOUS_MOVE = YES;
				CLANG_WARN_UNGUARDED_AVAILABILITY = YES_AGGRESSIVE;
				CLANG_WARN_UNREACHABLE_CODE = YES;
				CLANG_WARN__DUPLICATE_METHOD_MATCH = YES;
				CODE_SIGN_IDENTITY = "iPhone Developer";
				COPY_PHASE_STRIP = NO;
				DEBUG_INFORMATION_FORMAT = dwarf;
				ENABLE_STRICT_OBJC_MSGSEND = YES;
				ENABLE_TESTABILITY = YES;
				GCC_C_LANGUAGE_STANDARD = gnu11;
				GCC_DYNAMIC_NO_PIC = NO;
				GCC_NO_COMMON_BLOCKS = YES;
				GCC_OPTIMIZATION_LEVEL = 0;
				GCC_PREPROCESSOR_DEFINITIONS = (
					"DEBUG=1",
					"$(inherited)",
				);
				GCC_WARN_64_TO_32_BIT_CONVERSION = YES;
				GCC_WARN_ABOUT_RETURN_TYPE = YES_ERROR;
				GCC_WARN_UNDECLARED_SELECTOR = YES;
				GCC_WARN_UNINITIALIZED_AUTOS = YES_AGGRESSIVE;
				GCC_WARN_UNUSED_FUNCTION = YES;
				GCC_WARN_UNUSED_VARIABLE = YES;
				IPHONEOS_DEPLOYMENT_TARGET = 12.4;
				MTL_ENABLE_DEBUG_INFO = INCLUDE_SOURCE;
				MTL_FAST_MATH = YES;
				ONLY_ACTIVE_ARCH = YES;
				SDKROOT = iphoneos;
				SWIFT_ACTIVE_COMPILATION_CONDITIONS = DEBUG;
				SWIFT_OPTIMIZATION_LEVEL = "-Onone";
			};
			name = Debug;
		};
		6A8D22472326DC8900A93500 /* Release */ = {
			isa = XCBuildConfiguration;
			buildSettings = {
				ALWAYS_SEARCH_USER_PATHS = NO;
				CLANG_ANALYZER_NONNULL = YES;
				CLANG_ANALYZER_NUMBER_OBJECT_CONVERSION = YES_AGGRESSIVE;
				CLANG_CXX_LANGUAGE_STANDARD = "gnu++14";
				CLANG_CXX_LIBRARY = "libc++";
				CLANG_ENABLE_MODULES = YES;
				CLANG_ENABLE_OBJC_ARC = YES;
				CLANG_ENABLE_OBJC_WEAK = YES;
				CLANG_WARN_BLOCK_CAPTURE_AUTORELEASING = YES;
				CLANG_WARN_BOOL_CONVERSION = YES;
				CLANG_WARN_COMMA = YES;
				CLANG_WARN_CONSTANT_CONVERSION = YES;
				CLANG_WARN_DEPRECATED_OBJC_IMPLEMENTATIONS = YES;
				CLANG_WARN_DIRECT_OBJC_ISA_USAGE = YES_ERROR;
				CLANG_WARN_DOCUMENTATION_COMMENTS = YES;
				CLANG_WARN_EMPTY_BODY = YES;
				CLANG_WARN_ENUM_CONVERSION = YES;
				CLANG_WARN_INFINITE_RECURSION = YES;
				CLANG_WARN_INT_CONVERSION = YES;
				CLANG_WARN_NON_LITERAL_NULL_CONVERSION = YES;
				CLANG_WARN_OBJC_IMPLICIT_RETAIN_SELF = YES;
				CLANG_WARN_OBJC_LITERAL_CONVERSION = YES;
				CLANG_WARN_OBJC_ROOT_CLASS = YES_ERROR;
				CLANG_WARN_RANGE_LOOP_ANALYSIS = YES;
				CLANG_WARN_STRICT_PROTOTYPES = YES;
				CLANG_WARN_SUSPICIOUS_MOVE = YES;
				CLANG_WARN_UNGUARDED_AVAILABILITY = YES_AGGRESSIVE;
				CLANG_WARN_UNREACHABLE_CODE = YES;
				CLANG_WARN__DUPLICATE_METHOD_MATCH = YES;
				CODE_SIGN_IDENTITY = "iPhone Developer";
				COPY_PHASE_STRIP = NO;
				DEBUG_INFORMATION_FORMAT = "dwarf-with-dsym";
				ENABLE_NS_ASSERTIONS = NO;
				ENABLE_STRICT_OBJC_MSGSEND = YES;
				GCC_C_LANGUAGE_STANDARD = gnu11;
				GCC_NO_COMMON_BLOCKS = YES;
				GCC_WARN_64_TO_32_BIT_CONVERSION = YES;
				GCC_WARN_ABOUT_RETURN_TYPE = YES_ERROR;
				GCC_WARN_UNDECLARED_SELECTOR = YES;
				GCC_WARN_UNINITIALIZED_AUTOS = YES_AGGRESSIVE;
				GCC_WARN_UNUSED_FUNCTION = YES;
				GCC_WARN_UNUSED_VARIABLE = YES;
				IPHONEOS_DEPLOYMENT_TARGET = 12.4;
				MTL_ENABLE_DEBUG_INFO = NO;
				MTL_FAST_MATH = YES;
				SDKROOT = iphoneos;
				SWIFT_COMPILATION_MODE = wholemodule;
				SWIFT_OPTIMIZATION_LEVEL = "-O";
				VALIDATE_PRODUCT = YES;
			};
			name = Release;
		};
		6A8D22492326DC8900A93500 /* Debug */ = {
			isa = XCBuildConfiguration;
			buildSettings = {
				ASSETCATALOG_COMPILER_APPICON_NAME = AppIcon;
				CODE_SIGN_ENTITLEMENTS = ClothingManagement/ClothingManagement.entitlements;
				CODE_SIGN_STYLE = Automatic;
				DEVELOPMENT_TEAM = 899TSM5Z6B;
				INFOPLIST_FILE = ClothingManagement/Info.plist;
				IPHONEOS_DEPLOYMENT_TARGET = 13.0;
				LD_RUNPATH_SEARCH_PATHS = (
					"$(inherited)",
					"@executable_path/Frameworks",
				);
				MARKETING_VERSION = 2.7;
				PRODUCT_BUNDLE_IDENTIFIER = com.juliarodriguez.ClothingManagement;
				PRODUCT_NAME = "RePurpose Closet";
				SWIFT_VERSION = 5.0;
				TARGETED_DEVICE_FAMILY = "1,2";
			};
			name = Debug;
		};
		6A8D224A2326DC8900A93500 /* Release */ = {
			isa = XCBuildConfiguration;
			buildSettings = {
				ASSETCATALOG_COMPILER_APPICON_NAME = AppIcon;
				CODE_SIGN_ENTITLEMENTS = ClothingManagement/ClothingManagement.entitlements;
				CODE_SIGN_STYLE = Automatic;
				DEVELOPMENT_TEAM = 899TSM5Z6B;
				INFOPLIST_FILE = ClothingManagement/Info.plist;
				IPHONEOS_DEPLOYMENT_TARGET = 13.0;
				LD_RUNPATH_SEARCH_PATHS = (
					"$(inherited)",
					"@executable_path/Frameworks",
				);
				MARKETING_VERSION = 2.7;
				PRODUCT_BUNDLE_IDENTIFIER = com.juliarodriguez.ClothingManagement;
				PRODUCT_NAME = "RePurpose Closet";
				SWIFT_VERSION = 5.0;
				TARGETED_DEVICE_FAMILY = "1,2";
			};
			name = Release;
		};
/* End XCBuildConfiguration section */

/* Begin XCConfigurationList section */
		6A8D22312326DC8800A93500 /* Build configuration list for PBXProject "ClothingManagement" */ = {
			isa = XCConfigurationList;
			buildConfigurations = (
				6A8D22462326DC8900A93500 /* Debug */,
				6A8D22472326DC8900A93500 /* Release */,
			);
			defaultConfigurationIsVisible = 0;
			defaultConfigurationName = Release;
		};
		6A8D22482326DC8900A93500 /* Build configuration list for PBXNativeTarget "ClothingManagement" */ = {
			isa = XCConfigurationList;
			buildConfigurations = (
				6A8D22492326DC8900A93500 /* Debug */,
				6A8D224A2326DC8900A93500 /* Release */,
			);
			defaultConfigurationIsVisible = 0;
			defaultConfigurationName = Release;
		};
/* End XCConfigurationList section */
	};
	rootObject = 6A8D222E2326DC8800A93500 /* Project object */;
}
